
Microsoft Visual Studio Solution File, Format Version 12.00
# Visual Studio Version 17
VisualStudioVersion = 17.1.32328.378
MinimumVisualStudioVersion = 10.0.40219.1
Project("{FAE04EC0-301F-11D3-BF4B-00C04F79EFBC}") = "ShopCRM", "ShopCRM.csproj", "{33782866-629B-4DE2-AE99-B7D1F0E2F478}"
EndProject
Global
	GlobalSection(SolutionConfigurationPlatforms) = preSolution
		Debug|Any CPU = Debug|Any CPU
		Release|Any CPU = Release|Any CPU
	EndGlobalSection
	GlobalSection(ProjectConfigurationPlatforms) = postSolution
		{33782866-629B-4DE2-AE99-B7D1F0E2F478}.Debug|Any CPU.ActiveCfg = Debug|Any CPU
		{33782866-629B-4DE2-AE99-B7D1F0E2F478}.Debug|Any CPU.Build.0 = Debug|Any CPU
		{33782866-629B-4DE2-AE99-B7D1F0E2F478}.Release|Any CPU.ActiveCfg = Release|Any CPU
		{33782866-629B-4DE2-AE99-B7D1F0E2F478}.Release|Any CPU.Build.0 = Release|Any CPU
	EndGlobalSection
	GlobalSection(SolutionProperties) = preSolution
		HideSolutionNode = FALSE
	EndGlobalSection
	GlobalSection(ExtensibilityGlobals) = postSolution
		SolutionGuid = {7B65BA91-50BB-48C3-BE01-D3FD96C325CC}
	EndGlobalSection
EndGlobal
